
Microsoft Visual Studio Solution File, Format Version 12.00
# Visual Studio Version 17
VisualStudioVersion = 17.0.31903.59
MinimumVisualStudioVersion = 10.0.40219.1
Project("{FAE04EC0-301F-11D3-BF4B-00C04F79EFBC}") = "API", "API\API.csproj", "{2B9B6510-FD7B-4BA3-8495-B3E724B86CCD}"
EndProject
Project("{FAE04EC0-301F-11D3-BF4B-00C04F79EFBC}") = "Service", "Service\Service.csproj", "{830BBA73-23A0-4416-AE58-FA265231CDDC}"
EndProject
Project("{FAE04EC0-301F-11D3-BF4B-00C04F79EFBC}") = "Repository", "Repository\Repository.csproj", "{F3C66F7E-AF06-4DAA-A00E-94A2A6165F7E}"
EndProject
Project("{FAE04EC0-301F-11D3-BF4B-00C04F79EFBC}") = "Data", "Data\Data.csproj", "{05417B6F-8BF1-4C51-9434-2237BDD6E22E}"
EndProject
Global
	GlobalSection(SolutionConfigurationPlatforms) = preSolution
		Debug|Any CPU = Debug|Any CPU
		Debug|x64 = Debug|x64
		Debug|x86 = Debug|x86
		Release|Any CPU = Release|Any CPU
		Release|x64 = Release|x64
		Release|x86 = Release|x86
	EndGlobalSection
	GlobalSection(ProjectConfigurationPlatforms) = postSolution
		{2B9B6510-FD7B-4BA3-8495-B3E724B86CCD}.Debug|Any CPU.ActiveCfg = Debug|Any CPU
		{2B9B6510-FD7B-4BA3-8495-B3E724B86CCD}.Debug|Any CPU.Build.0 = Debug|Any CPU
		{2B9B6510-FD7B-4BA3-8495-B3E724B86CCD}.Debug|x64.ActiveCfg = Debug|Any CPU
		{2B9B6510-FD7B-4BA3-8495-B3E724B86CCD}.Debug|x64.Build.0 = Debug|Any CPU
		{2B9B6510-FD7B-4BA3-8495-B3E724B86CCD}.Debug|x86.ActiveCfg = Debug|Any CPU
		{2B9B6510-FD7B-4BA3-8495-B3E724B86CCD}.Debug|x86.Build.0 = Debug|Any CPU
		{2B9B6510-FD7B-4BA3-8495-B3E724B86CCD}.Release|Any CPU.ActiveCfg = Release|Any CPU
		{2B9B6510-FD7B-4BA3-8495-B3E724B86CCD}.Release|Any CPU.Build.0 = Release|Any CPU
		{2B9B6510-FD7B-4BA3-8495-B3E724B86CCD}.Release|x64.ActiveCfg = Release|Any CPU
		{2B9B6510-FD7B-4BA3-8495-B3E724B86CCD}.Release|x64.Build.0 = Release|Any CPU
		{2B9B6510-FD7B-4BA3-8495-B3E724B86CCD}.Release|x86.ActiveCfg = Release|Any CPU
		{2B9B6510-FD7B-4BA3-8495-B3E724B86CCD}.Release|x86.Build.0 = Release|Any CPU
		{830BBA73-23A0-4416-AE58-FA265231CDDC}.Debug|Any CPU.ActiveCfg = Debug|Any CPU
		{830BBA73-23A0-4416-AE58-FA265231CDDC}.Debug|Any CPU.Build.0 = Debug|Any CPU
		{830BBA73-23A0-4416-AE58-FA265231CDDC}.Debug|x64.ActiveCfg = Debug|Any CPU
		{830BBA73-23A0-4416-AE58-FA265231CDDC}.Debug|x64.Build.0 = Debug|Any CPU
		{830BBA73-23A0-4416-AE58-FA265231CDDC}.Debug|x86.ActiveCfg = Debug|Any CPU
		{830BBA73-23A0-4416-AE58-FA265231CDDC}.Debug|x86.Build.0 = Debug|Any CPU
		{830BBA73-23A0-4416-AE58-FA265231CDDC}.Release|Any CPU.ActiveCfg = Release|Any CPU
		{830BBA73-23A0-4416-AE58-FA265231CDDC}.Release|Any CPU.Build.0 = Release|Any CPU
		{830BBA73-23A0-4416-AE58-FA265231CDDC}.Release|x64.ActiveCfg = Release|Any CPU
		{830BBA73-23A0-4416-AE58-FA265231CDDC}.Release|x64.Build.0 = Release|Any CPU
		{830BBA73-23A0-4416-AE58-FA265231CDDC}.Release|x86.ActiveCfg = Release|Any CPU
		{830BBA73-23A0-4416-AE58-FA265231CDDC}.Release|x86.Build.0 = Release|Any CPU
		{F3C66F7E-AF06-4DAA-A00E-94A2A6165F7E}.Debug|Any CPU.ActiveCfg = Debug|Any CPU
		{F3C66F7E-AF06-4DAA-A00E-94A2A6165F7E}.Debug|Any CPU.Build.0 = Debug|Any CPU
		{F3C66F7E-AF06-4DAA-A00E-94A2A6165F7E}.Debug|x64.ActiveCfg = Debug|Any CPU
		{F3C66F7E-AF06-4DAA-A00E-94A2A6165F7E}.Debug|x64.Build.0 = Debug|Any CPU
		{F3C66F7E-AF06-4DAA-A00E-94A2A6165F7E}.Debug|x86.ActiveCfg = Debug|Any CPU
		{F3C66F7E-AF06-4DAA-A00E-94A2A6165F7E}.Debug|x86.Build.0 = Debug|Any CPU
		{F3C66F7E-AF06-4DAA-A00E-94A2A6165F7E}.Release|Any CPU.ActiveCfg = Release|Any CPU
		{F3C66F7E-AF06-4DAA-A00E-94A2A6165F7E}.Release|Any CPU.Build.0 = Release|Any CPU
		{F3C66F7E-AF06-4DAA-A00E-94A2A6165F7E}.Release|x64.ActiveCfg = Release|Any CPU
		{F3C66F7E-AF06-4DAA-A00E-94A2A6165F7E}.Release|x64.Build.0 = Release|Any CPU
		{F3C66F7E-AF06-4DAA-A00E-94A2A6165F7E}.Release|x86.ActiveCfg = Release|Any CPU
		{F3C66F7E-AF06-4DAA-A00E-94A2A6165F7E}.Release|x86.Build.0 = Release|Any CPU
		{05417B6F-8BF1-4C51-9434-2237BDD6E22E}.Debug|Any CPU.ActiveCfg = Debug|Any CPU
		{05417B6F-8BF1-4C51-9434-2237BDD6E22E}.Debug|Any CPU.Build.0 = Debug|Any CPU
		{05417B6F-8BF1-4C51-9434-2237BDD6E22E}.Debug|x64.ActiveCfg = Debug|Any CPU
		{05417B6F-8BF1-4C51-9434-2237BDD6E22E}.Debug|x64.Build.0 = Debug|Any CPU
		{05417B6F-8BF1-4C51-9434-2237BDD6E22E}.Debug|x86.ActiveCfg = Debug|Any CPU
		{05417B6F-8BF1-4C51-9434-2237BDD6E22E}.Debug|x86.Build.0 = Debug|Any CPU
		{05417B6F-8BF1-4C51-9434-2237BDD6E22E}.Release|Any CPU.ActiveCfg = Release|Any CPU
		{05417B6F-8BF1-4C51-9434-2237BDD6E22E}.Release|Any CPU.Build.0 = Release|Any CPU
		{05417B6F-8BF1-4C51-9434-2237BDD6E22E}.Release|x64.ActiveCfg = Release|Any CPU
		{05417B6F-8BF1-4C51-9434-2237BDD6E22E}.Release|x64.Build.0 = Release|Any CPU
		{05417B6F-8BF1-4C51-9434-2237BDD6E22E}.Release|x86.ActiveCfg = Release|Any CPU
		{05417B6F-8BF1-4C51-9434-2237BDD6E22E}.Release|x86.Build.0 = Release|Any CPU
	EndGlobalSection
	GlobalSection(SolutionProperties) = preSolution
		HideSolutionNode = FALSE
	EndGlobalSection
EndGlobal
